
Microsoft Visual Studio Solution File, Format Version 12.00
# Visual Studio Version 16
VisualStudioVersion = 16.0.30104.148
MinimumVisualStudioVersion = 10.0.40219.1
Project("{FAE04EC0-301F-11D3-BF4B-00C04F79EFBC}") = "ClientProxy-P4-20190140011", "ClientProxy-P4-20190140011\ClientProxy-P4-20190140011.csproj", "{E9DB9B70-3A29-42F9-8323-F84110AD2C73}"
EndProject
Global
	GlobalSection(SolutionConfigurationPlatforms) = preSolution
		Debug|Any CPU = Debug|Any CPU
		Release|Any CPU = Release|Any CPU
	EndGlobalSection
	GlobalSection(ProjectConfigurationPlatforms) = postSolution
		{E9DB9B70-3A29-42F9-8323-F84110AD2C73}.Debug|Any CPU.ActiveCfg = Debug|Any CPU
		{E9DB9B70-3A29-42F9-8323-F84110AD2C73}.Debug|Any CPU.Build.0 = Debug|Any CPU
		{E9DB9B70-3A29-42F9-8323-F84110AD2C73}.Release|Any CPU.ActiveCfg = Release|Any CPU
		{E9DB9B70-3A29-42F9-8323-F84110AD2C73}.Release|Any CPU.Build.0 = Release|Any CPU
	EndGlobalSection
	GlobalSection(SolutionProperties) = preSolution
		HideSolutionNode = FALSE
	EndGlobalSection
	GlobalSection(ExtensibilityGlobals) = postSolution
		SolutionGuid = {42FAAA10-055C-4DDB-AF23-68FC4A9E2357}
	EndGlobalSection
EndGlobal
